<?xml version="1.0" encoding="UTF-8" standalone="yes" ?>
<CodeBlocks_project_file>
	<FileVersion major="1" minor="6" />
	<Project>
		<Option title="trunk" />
		<Option pch_mode="2" />
		<Option compiler="gcc" />
		<Build>
			<Target title="Debug">
				<Option output="bin/Debug/trunk" prefix_auto="1" extension_auto="1" />
				<Option object_output="obj/Debug/" />
				<Option type="1" />
				<Option compiler="gcc" />
				<Compiler>
					<Add option="-g" />
				</Compiler>
				<Linker>
					<Add option="-L/usr/lib/mysql -lmysqlclient" />
					<Add option="-lpthread" />
				</Linker>
			</Target>
			<Target title="Release">
				<Option output="bin/Release/trunk" prefix_auto="1" extension_auto="1" />
				<Option object_output="obj/Release/" />
				<Option type="1" />
				<Option compiler="gcc" />
				<Compiler>
					<Add option="-O2" />
				</Compiler>
				<Linker>
					<Add option="-s" />
				</Linker>
			</Target>
		</Build>
		<Compiler>
			<Add option="-Wall" />
		</Compiler>
		<Unit filename="AES_lib.c">
			<Option compilerVar="CC" />
		</Unit>
		<Unit filename="AES_lib.h" />
		<Unit filename="AESmain.c">
			<Option compilerVar="CC" />
		</Unit>
		<Unit filename="AESmain.h" />
		<Unit filename="CreateSqlid.h" />
		<Unit filename="auto_reg.h" />
		<Unit filename="config.c">
			<Option compilerVar="CC" />
		</Unit>
		<Unit filename="config.h" />
		<Unit filename="config.txt" />
		<Unit filename="deal_reg_msg.h" />
		<Unit filename="error.c">
			<Option compilerVar="CC" />
		</Unit>
		<Unit filename="error.h" />
		<Unit filename="error.txt" />
		<Unit filename="getconn.c">
			<Option compilerVar="CC" />
		</Unit>
		<Unit filename="getconn.h" />
		<Unit filename="getconn.txt" />
		<Unit filename="gettype.c">
			<Option compilerVar="CC" />
		</Unit>
		<Unit filename="gettype.h" />
		<Unit filename="gettype.txt" />
		<Unit filename="judge1.h" />
		<Unit filename="judge2.h" />
		<Unit filename="judge_type.h" />
		<Unit filename="localdb.txt" />
		<Unit filename="main.c">
			<Option compilerVar="CC" />
		</Unit>
		<Unit filename="mysql.c">
			<Option compilerVar="CC" />
		</Unit>
		<Unit filename="mysql.h" />
		<Unit filename="mysql.txt" />
		<Unit filename="mysql_use.h" />
		<Unit filename="rcv_back.h" />
		<Unit filename="rcv_font.h" />
		<Unit filename="rcv_reg.h" />
		<Unit filename="rcv_sqlRes.h" />
		<Unit filename="rcvback.h" />
		<Unit filename="rcvfont.h" />
		<Unit filename="rcvfrommsgq.c">
			<Option compilerVar="CC" />
		</Unit>
		<Unit filename="rcvfrommsgq.h" />
		<Unit filename="rcvfrommsgq.txt" />
		<Unit filename="rcvfromterm.c">
			<Option compilerVar="CC" />
		</Unit>
		<Unit filename="rcvfromterm.h" />
		<Unit filename="sendtodb.c">
			<Option compilerVar="CC" />
		</Unit>
		<Unit filename="sendtodb.h" />
		<Unit filename="sendtodb.txt" />
		<Unit filename="sendtoterm.c">
			<Option compilerVar="CC" />
		</Unit>
		<Unit filename="sendtoterm.h" />
		<Unit filename="sendtoterm.txt" />
		<Unit filename="sendtype.c">
			<Option compilerVar="CC" />
		</Unit>
		<Unit filename="sendtype.h" />
		<Unit filename="snd_sql.h" />
		<Unit filename="to_back.h" />
		<Unit filename="to_font.h">
			<Option target="&lt;{~None~}&gt;" />
		</Unit>
		<Unit filename="to_id.h" />
		<Unit filename="to_monitor.h" />
		<Unit filename="to_type.h" />
		<Extensions>
			<code_completion />
			<debugger />
		</Extensions>
	</Project>
</CodeBlocks_project_file>
